schema: '2.0'
stages:
  data_ingestion:
    cmd: python ./src/data_ingestion.py
    deps:
    - path: src/data_ingestion.py
      hash: md5
      md5: 9d8b808da2b14c2f0b580cdd78adb626
      size: 2632
    outs:
    - path: data/raw
      hash: md5
      md5: b7ac4496734ff387aca131728f63e9a1.dir
      size: 900635
      nfiles: 2
  data_transformation:
    cmd: python ./src/data_preprocessing.py
    deps:
    - path: src/data_preprocessing.py
      hash: md5
      md5: bc247dfa70b08fe250ff856adb36ff4a
      size: 2431
    outs:
    - path: data/processed
      hash: md5
      md5: e6be6928b798aca1a5228ee58adcbe10.dir
      size: 688524
      nfiles: 2
  feature_engineering:
    cmd: python ./src/feature_engineering.py
    deps:
    - path: src/feature_engineering.py
      hash: md5
      md5: cfe63ea3100a57579e5f8d7a4a77dbe4
      size: 1221
    outs:
    - path: data/features
      hash: md5
      md5: 39412a0c9c20d85ff5ed27b89a860606.dir
      size: 1191130
      nfiles: 2
